
Microsoft Visual Studio Solution File, Format Version 12.00
# Visual Studio Version 16
VisualStudioVersion = 16.0.30523.141
MinimumVisualStudioVersion = 10.0.40219.1
Project("{FAE04EC0-301F-11D3-BF4B-00C04F79EFBC}") = "EticaretMVC", "EticaretMVC\EticaretMVC.csproj", "{3A91788D-0509-459D-9511-DF17F619F2A2}"
EndProject
Global
	GlobalSection(SolutionConfigurationPlatforms) = preSolution
		Debug|Any CPU = Debug|Any CPU
		Release|Any CPU = Release|Any CPU
	EndGlobalSection
	GlobalSection(ProjectConfigurationPlatforms) = postSolution
		{3A91788D-0509-459D-9511-DF17F619F2A2}.Debug|Any CPU.ActiveCfg = Debug|Any CPU
		{3A91788D-0509-459D-9511-DF17F619F2A2}.Debug|Any CPU.Build.0 = Debug|Any CPU
		{3A91788D-0509-459D-9511-DF17F619F2A2}.Release|Any CPU.ActiveCfg = Release|Any CPU
		{3A91788D-0509-459D-9511-DF17F619F2A2}.Release|Any CPU.Build.0 = Release|Any CPU
	EndGlobalSection
	GlobalSection(SolutionProperties) = preSolution
		HideSolutionNode = FALSE
	EndGlobalSection
	GlobalSection(ExtensibilityGlobals) = postSolution
		SolutionGuid = {5FC776C7-908A-4059-8160-38C9E6A39371}
	EndGlobalSection
EndGlobal
